
Microsoft Visual Studio Solution File, Format Version 12.00
# Visual Studio Version 17
VisualStudioVersion = 17.0.31903.59
MinimumVisualStudioVersion = 10.0.40219.1
Project("{FAE04EC0-301F-11D3-BF4B-00C04F79EFBC}") = "RabbitSender", "RabbitSender\RabbitSender.csproj", "{2FC53813-958C-467B-80A2-ED0A1750FB13}"
EndProject
Project("{FAE04EC0-301F-11D3-BF4B-00C04F79EFBC}") = "RabbitReceiver1", "RabbitReceiver1\RabbitReceiver1.csproj", "{FDE6E07B-F6D7-48F9-8EB4-8B448B407937}"
EndProject
Project("{FAE04EC0-301F-11D3-BF4B-00C04F79EFBC}") = "RabbitReceiver2", "RabbitReceiver2\RabbitReceiver2.csproj", "{F22F4B14-E4FD-478E-8FF0-12541639A775}"
EndProject
Global
	GlobalSection(SolutionConfigurationPlatforms) = preSolution
		Debug|Any CPU = Debug|Any CPU
		Release|Any CPU = Release|Any CPU
	EndGlobalSection
	GlobalSection(SolutionProperties) = preSolution
		HideSolutionNode = FALSE
	EndGlobalSection
	GlobalSection(ProjectConfigurationPlatforms) = postSolution
		{2FC53813-958C-467B-80A2-ED0A1750FB13}.Debug|Any CPU.ActiveCfg = Debug|Any CPU
		{2FC53813-958C-467B-80A2-ED0A1750FB13}.Debug|Any CPU.Build.0 = Debug|Any CPU
		{2FC53813-958C-467B-80A2-ED0A1750FB13}.Release|Any CPU.ActiveCfg = Release|Any CPU
		{2FC53813-958C-467B-80A2-ED0A1750FB13}.Release|Any CPU.Build.0 = Release|Any CPU
		{FDE6E07B-F6D7-48F9-8EB4-8B448B407937}.Debug|Any CPU.ActiveCfg = Debug|Any CPU
		{FDE6E07B-F6D7-48F9-8EB4-8B448B407937}.Debug|Any CPU.Build.0 = Debug|Any CPU
		{FDE6E07B-F6D7-48F9-8EB4-8B448B407937}.Release|Any CPU.ActiveCfg = Release|Any CPU
		{FDE6E07B-F6D7-48F9-8EB4-8B448B407937}.Release|Any CPU.Build.0 = Release|Any CPU
		{F22F4B14-E4FD-478E-8FF0-12541639A775}.Debug|Any CPU.ActiveCfg = Debug|Any CPU
		{F22F4B14-E4FD-478E-8FF0-12541639A775}.Debug|Any CPU.Build.0 = Debug|Any CPU
		{F22F4B14-E4FD-478E-8FF0-12541639A775}.Release|Any CPU.ActiveCfg = Release|Any CPU
		{F22F4B14-E4FD-478E-8FF0-12541639A775}.Release|Any CPU.Build.0 = Release|Any CPU
	EndGlobalSection
EndGlobal
